
Microsoft Visual Studio Solution File, Format Version 12.00
# Visual Studio 15
VisualStudioVersion = 15.0.26730.12
MinimumVisualStudioVersion = 10.0.40219.1
Project("{FAE04EC0-301F-11D3-BF4B-00C04F79EFBC}") = "Git_Client", "Git_Client\Git_Client.csproj", "{ED77FFF4-9C1C-4A14-B6CA-247FEEDF08C5}"
EndProject
Global
	GlobalSection(SolutionConfigurationPlatforms) = preSolution
		Debug|Any CPU = Debug|Any CPU
		Release|Any CPU = Release|Any CPU
	EndGlobalSection
	GlobalSection(ProjectConfigurationPlatforms) = postSolution
		{ED77FFF4-9C1C-4A14-B6CA-247FEEDF08C5}.Debug|Any CPU.ActiveCfg = Debug|Any CPU
		{ED77FFF4-9C1C-4A14-B6CA-247FEEDF08C5}.Debug|Any CPU.Build.0 = Debug|Any CPU
		{ED77FFF4-9C1C-4A14-B6CA-247FEEDF08C5}.Release|Any CPU.ActiveCfg = Release|Any CPU
		{ED77FFF4-9C1C-4A14-B6CA-247FEEDF08C5}.Release|Any CPU.Build.0 = Release|Any CPU
	EndGlobalSection
	GlobalSection(SolutionProperties) = preSolution
		HideSolutionNode = FALSE
	EndGlobalSection
	GlobalSection(ExtensibilityGlobals) = postSolution
		SolutionGuid = {1761C58A-9549-423B-99CA-5D3C1A5E4B07}
	EndGlobalSection
EndGlobal
